{
    "_readme": [
        "This file locks the dependencies of your project to a known state",
        "Read more about it at https://getcomposer.org/doc/01-basic-usage.md#installing-dependencies",
        "This file is @generated automatically"
    ],
    "content-hash": "b2baa09af8d00eb8c0e9e6dfd801fa10",
    "packages": [
        {
            "name": "mindaphp/core",
            "version": "v1.1.6",
            "source": {
                "type": "git",
                "url": "https://github.com/mindaphp/core.git",
                "reference": "3e90c6f30c56d8ce5c72223b4762ce4a3870c6ed"
            },
            "dist": {
                "type": "zip",
                "url": "https://api.github.com/repos/mindaphp/core/zipball/3e90c6f30c56d8ce5c72223b4762ce4a3870c6ed",
                "reference": "3e90c6f30c56d8ce5c72223b4762ce4a3870c6ed",
                "shasum": ""
            },
            "require": {
                "ext-memcache": "*",
                "ext-mysqli": "*",
                "php": ">=5.3.0"
            },
            "type": "library",
            "notification-url": "https://packagist.org/downloads/",
            "license": [
                "MIT"
            ],
            "authors": [
                {
                    "name": "Maurits van der Schee",
                    "email": "maurits@vdschee.nl",
                    "homepage": "https://www.tqdev.com"
                }
            ],
            "time": "2018-10-26T22:37:35+00:00"
        }
    ],
    "packages-dev": [
        {
            "name": "mindaphp/debugger",
            "version": "v1.1.1",
            "source": {
                "type": "git",
                "url": "https://github.com/mindaphp/debugger.git",
                "reference": "c9aa4ccabdebdd38a97893e8727d0751f3fc4cf3"
            },
            "dist": {
                "type": "zip",
                "url": "https://api.github.com/repos/mindaphp/debugger/zipball/c9aa4ccabdebdd38a97893e8727d0751f3fc4cf3",
                "reference": "c9aa4ccabdebdd38a97893e8727d0751f3fc4cf3",
                "shasum": ""
            },
            "require": {
                "php": ">=5.3.0"
            },
            "type": "library",
            "notification-url": "https://packagist.org/downloads/",
            "license": [
                "MIT"
            ],
            "authors": [
                {
                    "name": "Maurits van der Schee",
                    "email": "maurits@vdschee.nl",
                    "homepage": "https://www.tqdev.com"
                }
            ],
            "time": "2018-10-26T21:29:47+00:00"
        },
        {
            "name": "mindaphp/tools",
            "version": "v1.1.7",
            "source": {
                "type": "git",
                "url": "https://github.com/mindaphp/tools.git",
                "reference": "8c90a414ccbfd2da6eddc6e86d8db68b662cb5ca"
            },
            "dist": {
                "type": "zip",
                "url": "https://api.github.com/repos/mindaphp/tools/zipball/8c90a414ccbfd2da6eddc6e86d8db68b662cb5ca",
                "reference": "8c90a414ccbfd2da6eddc6e86d8db68b662cb5ca",
                "shasum": ""
            },
            "require": {
                "php": ">=5.3.0"
            },
            "type": "library",
            "notification-url": "https://packagist.org/downloads/",
            "license": [
                "MIT"
            ],
            "authors": [
                {
                    "name": "Maurits van der Schee",
                    "email": "maurits@vdschee.nl",
                    "homepage": "https://www.tqdev.com"
                }
            ],
            "time": "2018-10-26T21:35:48+00:00"
        }
    ],
    "aliases": [],
    "minimum-stability": "stable",
    "stability-flags": [],
    "prefer-stable": false,
    "prefer-lowest": false,
    "platform": [],
    "platform-dev": []
}
